// !$*UTF8*$!
{
	archiveVersion = 1;
	classes = {
	};
	objectVersion = 56;
	objects = {

/* Begin PBXBuildFile section */
		01111A332A5C3312001E94CE /* Extensions.swift in Sources */ = {isa = PBXBuildFile; fileRef = 01111A322A5C3312001E94CE /* Extensions.swift */; };
		01111A352A5C3572001E94CE /* HomeView.swift in Sources */ = {isa = PBXBuildFile; fileRef = 01111A342A5C3572001E94CE /* HomeView.swift */; };
		01111A372A5C3C9E001E94CE /* TabBar.swift in Sources */ = {isa = PBXBuildFile; fileRef = 01111A362A5C3C9E001E94CE /* TabBar.swift */; };
		01111A392A5C4145001E94CE /* Shapes.swift in Sources */ = {isa = PBXBuildFile; fileRef = 01111A382A5C4145001E94CE /* Shapes.swift */; };
		01111A3C2A5C4569001E94CE /* BottomSheet in Frameworks */ = {isa = PBXBuildFile; productRef = 01111A3B2A5C4569001E94CE /* BottomSheet */; };
		01111A3E2A5C472B001E94CE /* ForecastView.swift in Sources */ = {isa = PBXBuildFile; fileRef = 01111A3D2A5C472B001E94CE /* ForecastView.swift */; };
		01241EBB2A5C055B0065D593 /* WeatherApp.swift in Sources */ = {isa = PBXBuildFile; fileRef = 01241EBA2A5C055B0065D593 /* WeatherApp.swift */; };
		01241EBD2A5C055B0065D593 /* ContentView.swift in Sources */ = {isa = PBXBuildFile; fileRef = 01241EBC2A5C055B0065D593 /* ContentView.swift */; };
		01241EBF2A5C055C0065D593 /* Assets.xcassets in Resources */ = {isa = PBXBuildFile; fileRef = 01241EBE2A5C055C0065D593 /* Assets.xcassets */; };
		01241EC22A5C055C0065D593 /* Preview Assets.xcassets in Resources */ = {isa = PBXBuildFile; fileRef = 01241EC12A5C055C0065D593 /* Preview Assets.xcassets */; };
/* End PBXBuildFile section */

/* Begin PBXFileReference section */
		01111A322A5C3312001E94CE /* Extensions.swift */ = {isa = PBXFileReference; lastKnownFileType = sourcecode.swift; path = Extensions.swift; sourceTree = "<group>"; };
		01111A342A5C3572001E94CE /* HomeView.swift */ = {isa = PBXFileReference; lastKnownFileType = sourcecode.swift; path = HomeView.swift; sourceTree = "<group>"; };
		01111A362A5C3C9E001E94CE /* TabBar.swift */ = {isa = PBXFileReference; lastKnownFileType = sourcecode.swift; path = TabBar.swift; sourceTree = "<group>"; };
		01111A382A5C4145001E94CE /* Shapes.swift */ = {isa = PBXFileReference; fileEncoding = 4; lastKnownFileType = sourcecode.swift; name = Shapes.swift; path = "../../../Downloads/SwiftUI Weather/Resources/Shapes.swift"; sourceTree = "<group>"; };
		01111A3D2A5C472B001E94CE /* ForecastView.swift */ = {isa = PBXFileReference; lastKnownFileType = sourcecode.swift; path = ForecastView.swift; sourceTree = "<group>"; };
		01241EB72A5C055B0065D593 /* Weather.app */ = {isa = PBXFileReference; explicitFileType = wrapper.application; includeInIndex = 0; path = Weather.app; sourceTree = BUILT_PRODUCTS_DIR; };
		01241EBA2A5C055B0065D593 /* WeatherApp.swift */ = {isa = PBXFileReference; lastKnownFileType = sourcecode.swift; path = WeatherApp.swift; sourceTree = "<group>"; };
		01241EBC2A5C055B0065D593 /* ContentView.swift */ = {isa = PBXFileReference; lastKnownFileType = sourcecode.swift; path = ContentView.swift; sourceTree = "<group>"; };
		01241EBE2A5C055C0065D593 /* Assets.xcassets */ = {isa = PBXFileReference; lastKnownFileType = folder.assetcatalog; path = Assets.xcassets; sourceTree = "<group>"; };
		01241EC12A5C055C0065D593 /* Preview Assets.xcassets */ = {isa = PBXFileReference; lastKnownFileType = folder.assetcatalog; path = "Preview Assets.xcassets"; sourceTree = "<group>"; };
/* End PBXFileReference section */

/* Begin PBXFrameworksBuildPhase section */
		01241EB42A5C055B0065D593 /* Frameworks */ = {
			isa = PBXFrameworksBuildPhase;
			buildActionMask = 2147483647;
			files = (
				01111A3C2A5C4569001E94CE /* BottomSheet in Frameworks */,
			);
			runOnlyForDeploymentPostprocessing = 0;
		};
/* End PBXFrameworksBuildPhase section */

/* Begin PBXGroup section */
		01111A2E2A5C3288001E94CE /* Main */ = {
			isa = PBXGroup;
			children = (
				01241EBC2A5C055B0065D593 /* ContentView.swift */,
				01111A342A5C3572001E94CE /* HomeView.swift */,
			);
			path = Main;
			sourceTree = "<group>";
		};
		01111A2F2A5C3290001E94CE /* Navigation */ = {
			isa = PBXGroup;
			children = (
				01111A362A5C3C9E001E94CE /* TabBar.swift */,
			);
			path = Navigation;
			sourceTree = "<group>";
		};
		01111A302A5C3298001E94CE /* Detail */ = {
			isa = PBXGroup;
			children = (
				01111A3D2A5C472B001E94CE /* ForecastView.swift */,
			);
			path = Detail;
			sourceTree = "<group>";
		};
		01111A312A5C32A3001E94CE /* Components */ = {
			isa = PBXGroup;
			children = (
			);
			path = Components;
			sourceTree = "<group>";
		};
		01241EAE2A5C055B0065D593 = {
			isa = PBXGroup;
			children = (
				01241EB92A5C055B0065D593 /* Weather */,
				01241EB82A5C055B0065D593 /* Products */,
			);
			sourceTree = "<group>";
		};
		01241EB82A5C055B0065D593 /* Products */ = {
			isa = PBXGroup;
			children = (
				01241EB72A5C055B0065D593 /* Weather.app */,
			);
			name = Products;
			sourceTree = "<group>";
		};
		01241EB92A5C055B0065D593 /* Weather */ = {
			isa = PBXGroup;
			children = (
				01241EBA2A5C055B0065D593 /* WeatherApp.swift */,
				01241EC82A5C07AA0065D593 /* Views */,
				01241EC92A5C07B80065D593 /* Models */,
				01241ECA2A5C07C30065D593 /* Utils */,
				01241EBE2A5C055C0065D593 /* Assets.xcassets */,
				01241EC02A5C055C0065D593 /* Preview Content */,
			);
			path = Weather;
			sourceTree = "<group>";
		};
		01241EC02A5C055C0065D593 /* Preview Content */ = {
			isa = PBXGroup;
			children = (
				01241EC12A5C055C0065D593 /* Preview Assets.xcassets */,
			);
			path = "Preview Content";
			sourceTree = "<group>";
		};
		01241EC82A5C07AA0065D593 /* Views */ = {
			isa = PBXGroup;
			children = (
				01111A2E2A5C3288001E94CE /* Main */,
				01111A2F2A5C3290001E94CE /* Navigation */,
				01111A302A5C3298001E94CE /* Detail */,
				01111A312A5C32A3001E94CE /* Components */,
			);
			path = Views;
			sourceTree = "<group>";
		};
		01241EC92A5C07B80065D593 /* Models */ = {
			isa = PBXGroup;
			children = (
			);
			path = Models;
			sourceTree = "<group>";
		};
		01241ECA2A5C07C30065D593 /* Utils */ = {
			isa = PBXGroup;
			children = (
				01111A382A5C4145001E94CE /* Shapes.swift */,
				01111A322A5C3312001E94CE /* Extensions.swift */,
			);
			path = Utils;
			sourceTree = "<group>";
		};
/* End PBXGroup section */

/* Begin PBXNativeTarget section */
		01241EB62A5C055B0065D593 /* Weather */ = {
			isa = PBXNativeTarget;
			buildConfigurationList = 01241EC52A5C055C0065D593 /* Build configuration list for PBXNativeTarget "Weather" */;
			buildPhases = (
				01241EB32A5C055B0065D593 /* Sources */,
				01241EB42A5C055B0065D593 /* Frameworks */,
				01241EB52A5C055B0065D593 /* Resources */,
			);
			buildRules = (
			);
			dependencies = (
			);
			name = Weather;
			packageProductDependencies = (
				01111A3B2A5C4569001E94CE /* BottomSheet */,
			);
			productName = Weather;
			productReference = 01241EB72A5C055B0065D593 /* Weather.app */;
			productType = "com.apple.product-type.application";
		};
/* End PBXNativeTarget section */

/* Begin PBXProject section */
		01241EAF2A5C055B0065D593 /* Project object */ = {
			isa = PBXProject;
			attributes = {
				BuildIndependentTargetsInParallel = 1;
				LastSwiftUpdateCheck = 1430;
				LastUpgradeCheck = 1430;
				TargetAttributes = {
					01241EB62A5C055B0065D593 = {
						CreatedOnToolsVersion = 14.3;
					};
				};
			};
			buildConfigurationList = 01241EB22A5C055B0065D593 /* Build configuration list for PBXProject "Weather" */;
			compatibilityVersion = "Xcode 14.0";
			developmentRegion = en;
			hasScannedForEncodings = 0;
			knownRegions = (
				en,
				Base,
			);
			mainGroup = 01241EAE2A5C055B0065D593;
			packageReferences = (
				01111A3A2A5C4569001E94CE /* XCRemoteSwiftPackageReference "BottomSheet" */,
			);
			productRefGroup = 01241EB82A5C055B0065D593 /* Products */;
			projectDirPath = "";
			projectRoot = "";
			targets = (
				01241EB62A5C055B0065D593 /* Weather */,
			);
		};
/* End PBXProject section */

/* Begin PBXResourcesBuildPhase section */
		01241EB52A5C055B0065D593 /* Resources */ = {
			isa = PBXResourcesBuildPhase;
			buildActionMask = 2147483647;
			files = (
				01241EC22A5C055C0065D593 /* Preview Assets.xcassets in Resources */,
				01241EBF2A5C055C0065D593 /* Assets.xcassets in Resources */,
			);
			runOnlyForDeploymentPostprocessing = 0;
		};
/* End PBXResourcesBuildPhase section */

/* Begin PBXSourcesBuildPhase section */
		01241EB32A5C055B0065D593 /* Sources */ = {
			isa = PBXSourcesBuildPhase;
			buildActionMask = 2147483647;
			files = (
				01241EBD2A5C055B0065D593 /* ContentView.swift in Sources */,
				01111A352A5C3572001E94CE /* HomeView.swift in Sources */,
				01111A332A5C3312001E94CE /* Extensions.swift in Sources */,
				01241EBB2A5C055B0065D593 /* WeatherApp.swift in Sources */,
				01111A3E2A5C472B001E94CE /* ForecastView.swift in Sources */,
				01111A372A5C3C9E001E94CE /* TabBar.swift in Sources */,
				01111A392A5C4145001E94CE /* Shapes.swift in Sources */,
			);
			runOnlyForDeploymentPostprocessing = 0;
		};
/* End PBXSourcesBuildPhase section */

/* Begin XCBuildConfiguration section */
		01241EC32A5C055C0065D593 /* Debug */ = {
			isa = XCBuildConfiguration;
			buildSettings = {
				ALWAYS_SEARCH_USER_PATHS = NO;
				CLANG_ANALYZER_NONNULL = YES;
				CLANG_ANALYZER_NUMBER_OBJECT_CONVERSION = YES_AGGRESSIVE;
				CLANG_CXX_LANGUAGE_STANDARD = "gnu++20";
				CLANG_ENABLE_MODULES = YES;
				CLANG_ENABLE_OBJC_ARC = YES;
				CLANG_ENABLE_OBJC_WEAK = YES;
				CLANG_WARN_BLOCK_CAPTURE_AUTORELEASING = YES;
				CLANG_WARN_BOOL_CONVERSION = YES;
				CLANG_WARN_COMMA = YES;
				CLANG_WARN_CONSTANT_CONVERSION = YES;
				CLANG_WARN_DEPRECATED_OBJC_IMPLEMENTATIONS = YES;
				CLANG_WARN_DIRECT_OBJC_ISA_USAGE = YES_ERROR;
				CLANG_WARN_DOCUMENTATION_COMMENTS = YES;
				CLANG_WARN_EMPTY_BODY = YES;
				CLANG_WARN_ENUM_CONVERSION = YES;
				CLANG_WARN_INFINITE_RECURSION = YES;
				CLANG_WARN_INT_CONVERSION = YES;
				CLANG_WARN_NON_LITERAL_NULL_CONVERSION = YES;
				CLANG_WARN_OBJC_IMPLICIT_RETAIN_SELF = YES;
				CLANG_WARN_OBJC_LITERAL_CONVERSION = YES;
				CLANG_WARN_OBJC_ROOT_CLASS = YES_ERROR;
				CLANG_WARN_QUOTED_INCLUDE_IN_FRAMEWORK_HEADER = YES;
				CLANG_WARN_RANGE_LOOP_ANALYSIS = YES;
				CLANG_WARN_STRICT_PROTOTYPES = YES;
				CLANG_WARN_SUSPICIOUS_MOVE = YES;
				CLANG_WARN_UNGUARDED_AVAILABILITY = YES_AGGRESSIVE;
				CLANG_WARN_UNREACHABLE_CODE = YES;
				CLANG_WARN__DUPLICATE_METHOD_MATCH = YES;
				COPY_PHASE_STRIP = NO;
				DEBUG_INFORMATION_FORMAT = dwarf;
				ENABLE_STRICT_OBJC_MSGSEND = YES;
				ENABLE_TESTABILITY = YES;
				GCC_C_LANGUAGE_STANDARD = gnu11;
				GCC_DYNAMIC_NO_PIC = NO;
				GCC_NO_COMMON_BLOCKS = YES;
				GCC_OPTIMIZATION_LEVEL = 0;
				GCC_PREPROCESSOR_DEFINITIONS = (
					"DEBUG=1",
					"$(inherited)",
				);
				GCC_WARN_64_TO_32_BIT_CONVERSION = YES;
				GCC_WARN_ABOUT_RETURN_TYPE = YES_ERROR;
				GCC_WARN_UNDECLARED_SELECTOR = YES;
				GCC_WARN_UNINITIALIZED_AUTOS = YES_AGGRESSIVE;
				GCC_WARN_UNUSED_FUNCTION = YES;
				GCC_WARN_UNUSED_VARIABLE = YES;
				IPHONEOS_DEPLOYMENT_TARGET = 16.4;
				MTL_ENABLE_DEBUG_INFO = INCLUDE_SOURCE;
				MTL_FAST_MATH = YES;
				ONLY_ACTIVE_ARCH = YES;
				SDKROOT = iphoneos;
				SWIFT_ACTIVE_COMPILATION_CONDITIONS = DEBUG;
				SWIFT_OPTIMIZATION_LEVEL = "-Onone";
			};
			name = Debug;
		};
		01241EC42A5C055C0065D593 /* Release */ = {
			isa = XCBuildConfiguration;
			buildSettings = {
				ALWAYS_SEARCH_USER_PATHS = NO;
				CLANG_ANALYZER_NONNULL = YES;
				CLANG_ANALYZER_NUMBER_OBJECT_CONVERSION = YES_AGGRESSIVE;
				CLANG_CXX_LANGUAGE_STANDARD = "gnu++20";
				CLANG_ENABLE_MODULES = YES;
				CLANG_ENABLE_OBJC_ARC = YES;
				CLANG_ENABLE_OBJC_WEAK = YES;
				CLANG_WARN_BLOCK_CAPTURE_AUTORELEASING = YES;
				CLANG_WARN_BOOL_CONVERSION = YES;
				CLANG_WARN_COMMA = YES;
				CLANG_WARN_CONSTANT_CONVERSION = YES;
				CLANG_WARN_DEPRECATED_OBJC_IMPLEMENTATIONS = YES;
				CLANG_WARN_DIRECT_OBJC_ISA_USAGE = YES_ERROR;
				CLANG_WARN_DOCUMENTATION_COMMENTS = YES;
				CLANG_WARN_EMPTY_BODY = YES;
				CLANG_WARN_ENUM_CONVERSION = YES;
				CLANG_WARN_INFINITE_RECURSION = YES;
				CLANG_WARN_INT_CONVERSION = YES;
				CLANG_WARN_NON_LITERAL_NULL_CONVERSION = YES;
				CLANG_WARN_OBJC_IMPLICIT_RETAIN_SELF = YES;
				CLANG_WARN_OBJC_LITERAL_CONVERSION = YES;
				CLANG_WARN_OBJC_ROOT_CLASS = YES_ERROR;
				CLANG_WARN_QUOTED_INCLUDE_IN_FRAMEWORK_HEADER = YES;
				CLANG_WARN_RANGE_LOOP_ANALYSIS = YES;
				CLANG_WARN_STRICT_PROTOTYPES = YES;
				CLANG_WARN_SUSPICIOUS_MOVE = YES;
				CLANG_WARN_UNGUARDED_AVAILABILITY = YES_AGGRESSIVE;
				CLANG_WARN_UNREACHABLE_CODE = YES;
				CLANG_WARN__DUPLICATE_METHOD_MATCH = YES;
				COPY_PHASE_STRIP = NO;
				DEBUG_INFORMATION_FORMAT = "dwarf-with-dsym";
				ENABLE_NS_ASSERTIONS = NO;
				ENABLE_STRICT_OBJC_MSGSEND = YES;
				GCC_C_LANGUAGE_STANDARD = gnu11;
				GCC_NO_COMMON_BLOCKS = YES;
				GCC_WARN_64_TO_32_BIT_CONVERSION = YES;
				GCC_WARN_ABOUT_RETURN_TYPE = YES_ERROR;
				GCC_WARN_UNDECLARED_SELECTOR = YES;
				GCC_WARN_UNINITIALIZED_AUTOS = YES_AGGRESSIVE;
				GCC_WARN_UNUSED_FUNCTION = YES;
				GCC_WARN_UNUSED_VARIABLE = YES;
				IPHONEOS_DEPLOYMENT_TARGET = 16.4;
				MTL_ENABLE_DEBUG_INFO = NO;
				MTL_FAST_MATH = YES;
				SDKROOT = iphoneos;
				SWIFT_COMPILATION_MODE = wholemodule;
				SWIFT_OPTIMIZATION_LEVEL = "-O";
				VALIDATE_PRODUCT = YES;
			};
			name = Release;
		};
		01241EC62A5C055C0065D593 /* Debug */ = {
			isa = XCBuildConfiguration;
			buildSettings = {
				ASSETCATALOG_COMPILER_APPICON_NAME = AppIcon;
				ASSETCATALOG_COMPILER_GLOBAL_ACCENT_COLOR_NAME = AccentColor;
				CODE_SIGN_STYLE = Automatic;
				CURRENT_PROJECT_VERSION = 1;
				DEVELOPMENT_ASSET_PATHS = "\"Weather/Preview Content\"";
				ENABLE_PREVIEWS = YES;
				GENERATE_INFOPLIST_FILE = YES;
				INFOPLIST_KEY_UIApplicationSceneManifest_Generation = YES;
				INFOPLIST_KEY_UIApplicationSupportsIndirectInputEvents = YES;
				INFOPLIST_KEY_UILaunchScreen_Generation = YES;
				INFOPLIST_KEY_UISupportedInterfaceOrientations_iPad = "UIInterfaceOrientationPortrait UIInterfaceOrientationPortraitUpsideDown UIInterfaceOrientationLandscapeLeft UIInterfaceOrientationLandscapeRight";
				INFOPLIST_KEY_UISupportedInterfaceOrientations_iPhone = "UIInterfaceOrientationPortrait UIInterfaceOrientationLandscapeLeft UIInterfaceOrientationLandscapeRight";
				LD_RUNPATH_SEARCH_PATHS = (
					"$(inherited)",
					"@executable_path/Frameworks",
				);
				MARKETING_VERSION = 1.0;
				PRODUCT_BUNDLE_IDENTIFIER = ioanna.Weather;
				PRODUCT_NAME = "$(TARGET_NAME)";
				SWIFT_EMIT_LOC_STRINGS = YES;
				SWIFT_VERSION = 5.0;
				TARGETED_DEVICE_FAMILY = "1,2";
			};
			name = Debug;
		};
		01241EC72A5C055C0065D593 /* Release */ = {
			isa = XCBuildConfiguration;
			buildSettings = {
				ASSETCATALOG_COMPILER_APPICON_NAME = AppIcon;
				ASSETCATALOG_COMPILER_GLOBAL_ACCENT_COLOR_NAME = AccentColor;
				CODE_SIGN_STYLE = Automatic;
				CURRENT_PROJECT_VERSION = 1;
				DEVELOPMENT_ASSET_PATHS = "\"Weather/Preview Content\"";
				ENABLE_PREVIEWS = YES;
				GENERATE_INFOPLIST_FILE = YES;
				INFOPLIST_KEY_UIApplicationSceneManifest_Generation = YES;
				INFOPLIST_KEY_UIApplicationSupportsIndirectInputEvents = YES;
				INFOPLIST_KEY_UILaunchScreen_Generation = YES;
				INFOPLIST_KEY_UISupportedInterfaceOrientations_iPad = "UIInterfaceOrientationPortrait UIInterfaceOrientationPortraitUpsideDown UIInterfaceOrientationLandscapeLeft UIInterfaceOrientationLandscapeRight";
				INFOPLIST_KEY_UISupportedInterfaceOrientations_iPhone = "UIInterfaceOrientationPortrait UIInterfaceOrientationLandscapeLeft UIInterfaceOrientationLandscapeRight";
				LD_RUNPATH_SEARCH_PATHS = (
					"$(inherited)",
					"@executable_path/Frameworks",
				);
				MARKETING_VERSION = 1.0;
				PRODUCT_BUNDLE_IDENTIFIER = ioanna.Weather;
				PRODUCT_NAME = "$(TARGET_NAME)";
				SWIFT_EMIT_LOC_STRINGS = YES;
				SWIFT_VERSION = 5.0;
				TARGETED_DEVICE_FAMILY = "1,2";
			};
			name = Release;
		};
/* End XCBuildConfiguration section */

/* Begin XCConfigurationList section */
		01241EB22A5C055B0065D593 /* Build configuration list for PBXProject "Weather" */ = {
			isa = XCConfigurationList;
			buildConfigurations = (
				01241EC32A5C055C0065D593 /* Debug */,
				01241EC42A5C055C0065D593 /* Release */,
			);
			defaultConfigurationIsVisible = 0;
			defaultConfigurationName = Release;
		};
		01241EC52A5C055C0065D593 /* Build configuration list for PBXNativeTarget "Weather" */ = {
			isa = XCConfigurationList;
			buildConfigurations = (
				01241EC62A5C055C0065D593 /* Debug */,
				01241EC72A5C055C0065D593 /* Release */,
			);
			defaultConfigurationIsVisible = 0;
			defaultConfigurationName = Release;
		};
/* End XCConfigurationList section */

/* Begin XCRemoteSwiftPackageReference section */
		01111A3A2A5C4569001E94CE /* XCRemoteSwiftPackageReference "BottomSheet" */ = {
			isa = XCRemoteSwiftPackageReference;
			repositoryURL = "https://github.com/Wouter125/BottomSheet.git";
			requirement = {
				kind = upToNextMajorVersion;
				minimumVersion = 1.0.0;
			};
		};
/* End XCRemoteSwiftPackageReference section */

/* Begin XCSwiftPackageProductDependency section */
		01111A3B2A5C4569001E94CE /* BottomSheet */ = {
			isa = XCSwiftPackageProductDependency;
			package = 01111A3A2A5C4569001E94CE /* XCRemoteSwiftPackageReference "BottomSheet" */;
			productName = BottomSheet;
		};
/* End XCSwiftPackageProductDependency section */
	};
	rootObject = 01241EAF2A5C055B0065D593 /* Project object */;
}
